Microsoft Visual Studio Solution File, Format Version 12.00
# Visual Studio 15
VisualStudioVersion = 15.0.26124.0
MinimumVisualStudioVersion = 15.0.26124.0
Project("{FAE04EC0-301F-11D3-BF4B-00C04F79EFBC}") = "lx-register.Client", "Client\lx-register.Client.csproj", "{A552025D-E08B-4778-AEB8-A6CF26B1F7CA}"
EndProject
Project("{FAE04EC0-301F-11D3-BF4B-00C04F79EFBC}") = "lx-register.Server", "Server\lx-register.Server.csproj", "{A15F1FF3-DC7B-4431-AA04-663697023FBB}"
EndProject
Global
	GlobalSection(SolutionConfigurationPlatforms) = preSolution
		Debug|Any CPU = Debug|Any CPU
		Release|Any CPU = Release|Any CPU
	EndGlobalSection
	GlobalSection(SolutionProperties) = preSolution
		HideSolutionNode = FALSE
	EndGlobalSection
	GlobalSection(ProjectConfigurationPlatforms) = postSolution
		{A552025D-E08B-4778-AEB8-A6CF26B1F7CA}.Debug|Any CPU.ActiveCfg = Debug|Any CPU
		{A552025D-E08B-4778-AEB8-A6CF26B1F7CA}.Debug|Any CPU.Build.0 = Debug|Any CPU
		{A552025D-E08B-4778-AEB8-A6CF26B1F7CA}.Release|Any CPU.ActiveCfg = Release|Any CPU
		{A552025D-E08B-4778-AEB8-A6CF26B1F7CA}.Release|Any CPU.Build.0 = Release|Any CPU
		{A15F1FF3-DC7B-4431-AA04-663697023FBB}.Debug|Any CPU.ActiveCfg = Debug|Any CPU
		{A15F1FF3-DC7B-4431-AA04-663697023FBB}.Debug|Any CPU.Build.0 = Debug|Any CPU
		{A15F1FF3-DC7B-4431-AA04-663697023FBB}.Release|Any CPU.ActiveCfg = Release|Any CPU
		{A15F1FF3-DC7B-4431-AA04-663697023FBB}.Release|Any CPU.Build.0 = Release|Any CPU
	EndGlobalSection
EndGlobal
